
Microsoft Visual Studio Solution File, Format Version 12.00
# Visual Studio 2013
VisualStudioVersion = 12.0.31101.0
MinimumVisualStudioVersion = 10.0.40219.1
Project("{FAE04EC0-301F-11D3-BF4B-00C04F79EFBC}") = "TableClassGenerator", "TableClassGenerator\TableClassGenerator.csproj", "{85AFC205-CEDD-4A26-A843-F5A649FE14F8}"
EndProject
Project("{FAE04EC0-301F-11D3-BF4B-00C04F79EFBC}") = "TableClassGenerator.Core", "TableClassGenerator.Core\TableClassGenerator.Core.csproj", "{68778A00-A851-4763-AA5C-1962F691A4EC}"
EndProject
Project("{2150E333-8FDC-42A3-9474-1A3956D46DE8}") = "ExternalFiles", "ExternalFiles", "{4E26E135-CEBB-405D-9DC2-026C144B0E4D}"
	ProjectSection(SolutionItems) = preProject
		ExternalFiles\Dapper.Aggregator.dll = ExternalFiles\Dapper.Aggregator.dll
		ExternalFiles\Dapper.dll = ExternalFiles\Dapper.dll
		ExternalFiles\uEN.dll = ExternalFiles\uEN.dll
	EndProjectSection
EndProject
Global
	GlobalSection(SolutionConfigurationPlatforms) = preSolution
		Debug|Any CPU = Debug|Any CPU
		Release|Any CPU = Release|Any CPU
	EndGlobalSection
	GlobalSection(ProjectConfigurationPlatforms) = postSolution
		{85AFC205-CEDD-4A26-A843-F5A649FE14F8}.Debug|Any CPU.ActiveCfg = Debug|Any CPU
		{85AFC205-CEDD-4A26-A843-F5A649FE14F8}.Debug|Any CPU.Build.0 = Debug|Any CPU
		{85AFC205-CEDD-4A26-A843-F5A649FE14F8}.Release|Any CPU.ActiveCfg = Release|Any CPU
		{85AFC205-CEDD-4A26-A843-F5A649FE14F8}.Release|Any CPU.Build.0 = Release|Any CPU
		{68778A00-A851-4763-AA5C-1962F691A4EC}.Debug|Any CPU.ActiveCfg = Debug|Any CPU
		{68778A00-A851-4763-AA5C-1962F691A4EC}.Debug|Any CPU.Build.0 = Debug|Any CPU
		{68778A00-A851-4763-AA5C-1962F691A4EC}.Release|Any CPU.ActiveCfg = Release|Any CPU
		{68778A00-A851-4763-AA5C-1962F691A4EC}.Release|Any CPU.Build.0 = Release|Any CPU
	EndGlobalSection
	GlobalSection(SolutionProperties) = preSolution
		HideSolutionNode = FALSE
	EndGlobalSection
EndGlobal
